
Microsoft Visual Studio Solution File, Format Version 12.00
# Visual Studio Version 17
VisualStudioVersion = 17.7.34202.233
MinimumVisualStudioVersion = 10.0.40219.1
Project("{FAE04EC0-301F-11D3-BF4B-00C04F79EFBC}") = "Adapter Pattern", "Adapter Pattern\Adapter Pattern.csproj", "{78410DBE-74DA-4D98-9E38-9B5EB1029DA4}"
EndProject
Global
	GlobalSection(SolutionConfigurationPlatforms) = preSolution
		Debug|Any CPU = Debug|Any CPU
		Release|Any CPU = Release|Any CPU
	EndGlobalSection
	GlobalSection(ProjectConfigurationPlatforms) = postSolution
		{78410DBE-74DA-4D98-9E38-9B5EB1029DA4}.Debug|Any CPU.ActiveCfg = Debug|Any CPU
		{78410DBE-74DA-4D98-9E38-9B5EB1029DA4}.Debug|Any CPU.Build.0 = Debug|Any CPU
		{78410DBE-74DA-4D98-9E38-9B5EB1029DA4}.Release|Any CPU.ActiveCfg = Release|Any CPU
		{78410DBE-74DA-4D98-9E38-9B5EB1029DA4}.Release|Any CPU.Build.0 = Release|Any CPU
	EndGlobalSection
	GlobalSection(SolutionProperties) = preSolution
		HideSolutionNode = FALSE
	EndGlobalSection
	GlobalSection(ExtensibilityGlobals) = postSolution
		SolutionGuid = {FC9ECDF7-D2BC-4E95-8256-14A9E37CC51D}
	EndGlobalSection
EndGlobal
